
Microsoft Visual Studio Solution File, Format Version 12.00
# Visual Studio Version 16
VisualStudioVersion = 16.0.28729.10
MinimumVisualStudioVersion = 10.0.40219.1
Project("{FAE04EC0-301F-11D3-BF4B-00C04F79EFBC}") = "PhilLibX", "PhilLibX\PhilLibX.csproj", "{0F468D5B-2F30-42F5-9043-920040D83D9D}"
EndProject
Project("{8BC9CEB8-8B4A-11D0-8D11-00A0C91BC942}") = "PhilLibX.Interop", "PhilLibX.Interop\PhilLibX.Interop.vcxproj", "{EB08D910-0050-4D56-A799-CA04C41B7014}"
EndProject
Project("{2150E333-8FDC-42A3-9474-1A3956D46DE8}") = "ExternalLibraries", "ExternalLibraries", "{FA642BA8-BB50-4325-AF2D-A71001B3DF33}"
EndProject
Project("{2150E333-8FDC-42A3-9474-1A3956D46DE8}") = "Imaging", "Imaging", "{BCA87C99-563F-459E-B93A-DE9E78D46192}"
EndProject
Project("{2150E333-8FDC-42A3-9474-1A3956D46DE8}") = "Compression", "Compression", "{495BB9D5-6381-4457-9EC2-45F1C66D1CE2}"
EndProject
Project("{8BC9CEB8-8B4A-11D0-8D11-00A0C91BC942}") = "libzstd", "ExternalLibraries\zstd\build\VS2010\libzstd\libzstd.vcxproj", "{8BFD8150-94D5-4BF9-8A50-7BD9929A0850}"
EndProject
Project("{8BC9CEB8-8B4A-11D0-8D11-00A0C91BC942}") = "LZ4", "ExternalLibraries\lz4\LZ4.vcxproj", "{57754C97-3F92-42CD-9F61-3A905DB5CCA0}"
EndProject
Project("{8BC9CEB8-8B4A-11D0-8D11-00A0C91BC942}") = "MiniZ", "ExternalLibraries\MiniZ\MiniZ.vcxproj", "{DBA0D3E8-5E3A-48F1-BDE2-AA0976A478DB}"
EndProject
Project("{8BC9CEB8-8B4A-11D0-8D11-00A0C91BC942}") = "DirectXTex", "ExternalLibraries\DirectXTex\DirectXTex\DirectXTex_Desktop_2019_Win10.vcxproj", "{371B9FA9-4C90-4AC6-A123-ACED756D6C77}"
EndProject
Global
	GlobalSection(SolutionConfigurationPlatforms) = preSolution
		Debug|Any CPU = Debug|Any CPU
		Debug|x64 = Debug|x64
		Debug|x86 = Debug|x86
		Profile|Any CPU = Profile|Any CPU
		Profile|x64 = Profile|x64
		Profile|x86 = Profile|x86
		Release|Any CPU = Release|Any CPU
		Release|x64 = Release|x64
		Release|x86 = Release|x86
	EndGlobalSection
	GlobalSection(ProjectConfigurationPlatforms) = postSolution
		{0F468D5B-2F30-42F5-9043-920040D83D9D}.Debug|Any CPU.ActiveCfg = Debug|Any CPU
		{0F468D5B-2F30-42F5-9043-920040D83D9D}.Debug|Any CPU.Build.0 = Debug|Any CPU
		{0F468D5B-2F30-42F5-9043-920040D83D9D}.Debug|x64.ActiveCfg = Debug|x64
		{0F468D5B-2F30-42F5-9043-920040D83D9D}.Debug|x64.Build.0 = Debug|x64
		{0F468D5B-2F30-42F5-9043-920040D83D9D}.Debug|x86.ActiveCfg = Debug|x86
		{0F468D5B-2F30-42F5-9043-920040D83D9D}.Debug|x86.Build.0 = Debug|x86
		{0F468D5B-2F30-42F5-9043-920040D83D9D}.Profile|Any CPU.ActiveCfg = Release|Any CPU
		{0F468D5B-2F30-42F5-9043-920040D83D9D}.Profile|Any CPU.Build.0 = Release|Any CPU
		{0F468D5B-2F30-42F5-9043-920040D83D9D}.Profile|x64.ActiveCfg = Release|x64
		{0F468D5B-2F30-42F5-9043-920040D83D9D}.Profile|x64.Build.0 = Release|x64
		{0F468D5B-2F30-42F5-9043-920040D83D9D}.Profile|x86.ActiveCfg = Release|x86
		{0F468D5B-2F30-42F5-9043-920040D83D9D}.Profile|x86.Build.0 = Release|x86
		{0F468D5B-2F30-42F5-9043-920040D83D9D}.Release|Any CPU.ActiveCfg = Release|x64
		{0F468D5B-2F30-42F5-9043-920040D83D9D}.Release|Any CPU.Build.0 = Release|x64
		{0F468D5B-2F30-42F5-9043-920040D83D9D}.Release|x64.ActiveCfg = Release|x64
		{0F468D5B-2F30-42F5-9043-920040D83D9D}.Release|x64.Build.0 = Release|x64
		{0F468D5B-2F30-42F5-9043-920040D83D9D}.Release|x86.ActiveCfg = Release|x86
		{0F468D5B-2F30-42F5-9043-920040D83D9D}.Release|x86.Build.0 = Release|x86
		{EB08D910-0050-4D56-A799-CA04C41B7014}.Debug|Any CPU.ActiveCfg = Debug|x64
		{EB08D910-0050-4D56-A799-CA04C41B7014}.Debug|x64.ActiveCfg = Debug|x64
		{EB08D910-0050-4D56-A799-CA04C41B7014}.Debug|x64.Build.0 = Debug|x64
		{EB08D910-0050-4D56-A799-CA04C41B7014}.Debug|x86.ActiveCfg = Debug|Win32
		{EB08D910-0050-4D56-A799-CA04C41B7014}.Debug|x86.Build.0 = Debug|Win32
		{EB08D910-0050-4D56-A799-CA04C41B7014}.Profile|Any CPU.ActiveCfg = Release|Win32
		{EB08D910-0050-4D56-A799-CA04C41B7014}.Profile|Any CPU.Build.0 = Release|Win32
		{EB08D910-0050-4D56-A799-CA04C41B7014}.Profile|x64.ActiveCfg = Release|x64
		{EB08D910-0050-4D56-A799-CA04C41B7014}.Profile|x64.Build.0 = Release|x64
		{EB08D910-0050-4D56-A799-CA04C41B7014}.Profile|x86.ActiveCfg = Release|Win32
		{EB08D910-0050-4D56-A799-CA04C41B7014}.Profile|x86.Build.0 = Release|Win32
		{EB08D910-0050-4D56-A799-CA04C41B7014}.Release|Any CPU.ActiveCfg = Release|x64
		{EB08D910-0050-4D56-A799-CA04C41B7014}.Release|x64.ActiveCfg = Release|x64
		{EB08D910-0050-4D56-A799-CA04C41B7014}.Release|x64.Build.0 = Release|x64
		{EB08D910-0050-4D56-A799-CA04C41B7014}.Release|x86.ActiveCfg = Release|Win32
		{EB08D910-0050-4D56-A799-CA04C41B7014}.Release|x86.Build.0 = Release|Win32
		{8BFD8150-94D5-4BF9-8A50-7BD9929A0850}.Debug|Any CPU.ActiveCfg = Debug|Win32
		{8BFD8150-94D5-4BF9-8A50-7BD9929A0850}.Debug|x64.ActiveCfg = Debug|x64
		{8BFD8150-94D5-4BF9-8A50-7BD9929A0850}.Debug|x64.Build.0 = Debug|x64
		{8BFD8150-94D5-4BF9-8A50-7BD9929A0850}.Debug|x86.ActiveCfg = Debug|Win32
		{8BFD8150-94D5-4BF9-8A50-7BD9929A0850}.Debug|x86.Build.0 = Debug|Win32
		{8BFD8150-94D5-4BF9-8A50-7BD9929A0850}.Profile|Any CPU.ActiveCfg = Release|x64
		{8BFD8150-94D5-4BF9-8A50-7BD9929A0850}.Profile|Any CPU.Build.0 = Release|x64
		{8BFD8150-94D5-4BF9-8A50-7BD9929A0850}.Profile|x64.ActiveCfg = Release|x64
		{8BFD8150-94D5-4BF9-8A50-7BD9929A0850}.Profile|x64.Build.0 = Release|x64
		{8BFD8150-94D5-4BF9-8A50-7BD9929A0850}.Profile|x86.ActiveCfg = Release|Win32
		{8BFD8150-94D5-4BF9-8A50-7BD9929A0850}.Profile|x86.Build.0 = Release|Win32
		{8BFD8150-94D5-4BF9-8A50-7BD9929A0850}.Release|Any CPU.ActiveCfg = Release|Win32
		{8BFD8150-94D5-4BF9-8A50-7BD9929A0850}.Release|x64.ActiveCfg = Release|x64
		{8BFD8150-94D5-4BF9-8A50-7BD9929A0850}.Release|x64.Build.0 = Release|x64
		{8BFD8150-94D5-4BF9-8A50-7BD9929A0850}.Release|x86.ActiveCfg = Release|Win32
		{8BFD8150-94D5-4BF9-8A50-7BD9929A0850}.Release|x86.Build.0 = Release|Win32
		{57754C97-3F92-42CD-9F61-3A905DB5CCA0}.Debug|Any CPU.ActiveCfg = Debug|Win32
		{57754C97-3F92-42CD-9F61-3A905DB5CCA0}.Debug|x64.ActiveCfg = Debug|x64
		{57754C97-3F92-42CD-9F61-3A905DB5CCA0}.Debug|x64.Build.0 = Debug|x64
		{57754C97-3F92-42CD-9F61-3A905DB5CCA0}.Debug|x86.ActiveCfg = Debug|Win32
		{57754C97-3F92-42CD-9F61-3A905DB5CCA0}.Debug|x86.Build.0 = Debug|Win32
		{57754C97-3F92-42CD-9F61-3A905DB5CCA0}.Profile|Any CPU.ActiveCfg = Release|x64
		{57754C97-3F92-42CD-9F61-3A905DB5CCA0}.Profile|Any CPU.Build.0 = Release|x64
		{57754C97-3F92-42CD-9F61-3A905DB5CCA0}.Profile|x64.ActiveCfg = Release|x64
		{57754C97-3F92-42CD-9F61-3A905DB5CCA0}.Profile|x64.Build.0 = Release|x64
		{57754C97-3F92-42CD-9F61-3A905DB5CCA0}.Profile|x86.ActiveCfg = Release|Win32
		{57754C97-3F92-42CD-9F61-3A905DB5CCA0}.Profile|x86.Build.0 = Release|Win32
		{57754C97-3F92-42CD-9F61-3A905DB5CCA0}.Release|Any CPU.ActiveCfg = Release|Win32
		{57754C97-3F92-42CD-9F61-3A905DB5CCA0}.Release|x64.ActiveCfg = Release|x64
		{57754C97-3F92-42CD-9F61-3A905DB5CCA0}.Release|x64.Build.0 = Release|x64
		{57754C97-3F92-42CD-9F61-3A905DB5CCA0}.Release|x86.ActiveCfg = Release|Win32
		{57754C97-3F92-42CD-9F61-3A905DB5CCA0}.Release|x86.Build.0 = Release|Win32
		{DBA0D3E8-5E3A-48F1-BDE2-AA0976A478DB}.Debug|Any CPU.ActiveCfg = Debug|Win32
		{DBA0D3E8-5E3A-48F1-BDE2-AA0976A478DB}.Debug|x64.ActiveCfg = Debug|x64
		{DBA0D3E8-5E3A-48F1-BDE2-AA0976A478DB}.Debug|x64.Build.0 = Debug|x64
		{DBA0D3E8-5E3A-48F1-BDE2-AA0976A478DB}.Debug|x86.ActiveCfg = Debug|Win32
		{DBA0D3E8-5E3A-48F1-BDE2-AA0976A478DB}.Debug|x86.Build.0 = Debug|Win32
		{DBA0D3E8-5E3A-48F1-BDE2-AA0976A478DB}.Profile|Any CPU.ActiveCfg = Release|x64
		{DBA0D3E8-5E3A-48F1-BDE2-AA0976A478DB}.Profile|Any CPU.Build.0 = Release|x64
		{DBA0D3E8-5E3A-48F1-BDE2-AA0976A478DB}.Profile|x64.ActiveCfg = Release|x64
		{DBA0D3E8-5E3A-48F1-BDE2-AA0976A478DB}.Profile|x64.Build.0 = Release|x64
		{DBA0D3E8-5E3A-48F1-BDE2-AA0976A478DB}.Profile|x86.ActiveCfg = Release|Win32
		{DBA0D3E8-5E3A-48F1-BDE2-AA0976A478DB}.Profile|x86.Build.0 = Release|Win32
		{DBA0D3E8-5E3A-48F1-BDE2-AA0976A478DB}.Release|Any CPU.ActiveCfg = Release|Win32
		{DBA0D3E8-5E3A-48F1-BDE2-AA0976A478DB}.Release|x64.ActiveCfg = Release|x64
		{DBA0D3E8-5E3A-48F1-BDE2-AA0976A478DB}.Release|x64.Build.0 = Release|x64
		{DBA0D3E8-5E3A-48F1-BDE2-AA0976A478DB}.Release|x86.ActiveCfg = Release|Win32
		{DBA0D3E8-5E3A-48F1-BDE2-AA0976A478DB}.Release|x86.Build.0 = Release|Win32
		{371B9FA9-4C90-4AC6-A123-ACED756D6C77}.Debug|Any CPU.ActiveCfg = Debug|Win32
		{371B9FA9-4C90-4AC6-A123-ACED756D6C77}.Debug|x64.ActiveCfg = Debug|x64
		{371B9FA9-4C90-4AC6-A123-ACED756D6C77}.Debug|x64.Build.0 = Debug|x64
		{371B9FA9-4C90-4AC6-A123-ACED756D6C77}.Debug|x86.ActiveCfg = Debug|Win32
		{371B9FA9-4C90-4AC6-A123-ACED756D6C77}.Debug|x86.Build.0 = Debug|Win32
		{371B9FA9-4C90-4AC6-A123-ACED756D6C77}.Profile|Any CPU.ActiveCfg = Profile|Win32
		{371B9FA9-4C90-4AC6-A123-ACED756D6C77}.Profile|x64.ActiveCfg = Profile|x64
		{371B9FA9-4C90-4AC6-A123-ACED756D6C77}.Profile|x64.Build.0 = Profile|x64
		{371B9FA9-4C90-4AC6-A123-ACED756D6C77}.Profile|x86.ActiveCfg = Profile|Win32
		{371B9FA9-4C90-4AC6-A123-ACED756D6C77}.Profile|x86.Build.0 = Profile|Win32
		{371B9FA9-4C90-4AC6-A123-ACED756D6C77}.Release|Any CPU.ActiveCfg = Release|Win32
		{371B9FA9-4C90-4AC6-A123-ACED756D6C77}.Release|x64.ActiveCfg = Release|x64
		{371B9FA9-4C90-4AC6-A123-ACED756D6C77}.Release|x64.Build.0 = Release|x64
		{371B9FA9-4C90-4AC6-A123-ACED756D6C77}.Release|x86.ActiveCfg = Release|Win32
		{371B9FA9-4C90-4AC6-A123-ACED756D6C77}.Release|x86.Build.0 = Release|Win32
	EndGlobalSection
	GlobalSection(SolutionProperties) = preSolution
		HideSolutionNode = FALSE
	EndGlobalSection
	GlobalSection(NestedProjects) = preSolution
		{BCA87C99-563F-459E-B93A-DE9E78D46192} = {FA642BA8-BB50-4325-AF2D-A71001B3DF33}
		{495BB9D5-6381-4457-9EC2-45F1C66D1CE2} = {FA642BA8-BB50-4325-AF2D-A71001B3DF33}
		{8BFD8150-94D5-4BF9-8A50-7BD9929A0850} = {495BB9D5-6381-4457-9EC2-45F1C66D1CE2}
		{57754C97-3F92-42CD-9F61-3A905DB5CCA0} = {495BB9D5-6381-4457-9EC2-45F1C66D1CE2}
		{DBA0D3E8-5E3A-48F1-BDE2-AA0976A478DB} = {495BB9D5-6381-4457-9EC2-45F1C66D1CE2}
		{371B9FA9-4C90-4AC6-A123-ACED756D6C77} = {BCA87C99-563F-459E-B93A-DE9E78D46192}
	EndGlobalSection
	GlobalSection(ExtensibilityGlobals) = postSolution
		SolutionGuid = {770D2D52-890B-4E7B-9698-F3989D6B3AC9}
	EndGlobalSection
EndGlobal
