<?xml version="1.0" encoding="utf-8"?>
<Project ToolsVersion="4.0" xmlns="http://schemas.microsoft.com/developer/msbuild/2003">
  <ItemGroup>
    <Filter Include="Source Files">
      <UniqueIdentifier>{4FC737F1-C7A5-4376-A066-2A32D752A2FF}</UniqueIdentifier>
      <Extensions>cpp;c;cc;cxx;def;odl;idl;hpj;bat;asm;asmx</Extensions>
    </Filter>
    <Filter Include="Header Files">
      <UniqueIdentifier>{93995380-89BD-4b04-88EB-625FBE52EBFB}</UniqueIdentifier>
      <Extensions>h;hh;hpp;hxx;hm;inl;inc;ipp;xsd</Extensions>
    </Filter>
    <Filter Include="Resource Files">
      <UniqueIdentifier>{67DA6AB6-F800-4c08-8B7A-83BB121AAD01}</UniqueIdentifier>
      <Extensions>rc;ico;cur;bmp;dlg;rc2;rct;bin;rgs;gif;jpg;jpeg;jpe;resx;tiff;tif;png;wav;mfcribbon-ms</Extensions>
    </Filter>
    <Filter Include="Header Files\Compression">
      <UniqueIdentifier>{d1d34ec2-ad0e-4613-8d8a-3fb25916c665}</UniqueIdentifier>
    </Filter>
    <Filter Include="Source Files\Compression">
      <UniqueIdentifier>{18f76b04-8564-429f-adb5-23c48b4ed1e2}</UniqueIdentifier>
    </Filter>
    <Filter Include="Source Files\Imaging">
      <UniqueIdentifier>{857ff32c-9b34-4dae-a5e5-ee26b1c4f116}</UniqueIdentifier>
    </Filter>
    <Filter Include="Header Files\Imaging">
      <UniqueIdentifier>{f05f8acf-38da-49db-b482-7f23926ecfda}</UniqueIdentifier>
    </Filter>
  </ItemGroup>
  <ItemGroup>
    <ClInclude Include="stdafx.h">
      <Filter>Header Files</Filter>
    </ClInclude>
    <ClInclude Include="Resource.h">
      <Filter>Header Files</Filter>
    </ClInclude>
    <ClInclude Include="ZStandard.h">
      <Filter>Header Files\Compression</Filter>
    </ClInclude>
    <ClInclude Include="CompressionException.h">
      <Filter>Header Files\Compression</Filter>
    </ClInclude>
    <ClInclude Include="LZ4Wrapper.h">
      <Filter>Header Files\Compression</Filter>
    </ClInclude>
    <ClInclude Include="ZLIB.h">
      <Filter>Header Files\Compression</Filter>
    </ClInclude>
    <ClInclude Include="ScratchImage.h">
      <Filter>Header Files\Imaging</Filter>
    </ClInclude>
    <ClInclude Include="DirectXException.h">
      <Filter>Header Files\Imaging</Filter>
    </ClInclude>
    <ClInclude Include="InteropUtility.h">
      <Filter>Header Files</Filter>
    </ClInclude>
  </ItemGroup>
  <ItemGroup>
    <ClCompile Include="AssemblyInfo.cpp">
      <Filter>Source Files</Filter>
    </ClCompile>
    <ClCompile Include="stdafx.cpp">
      <Filter>Source Files</Filter>
    </ClCompile>
    <ClCompile Include="ZStandard.cpp">
      <Filter>Source Files\Compression</Filter>
    </ClCompile>
    <ClCompile Include="LZ4Wrapper.cpp">
      <Filter>Source Files\Compression</Filter>
    </ClCompile>
    <ClCompile Include="ZLIB.cpp">
      <Filter>Source Files\Compression</Filter>
    </ClCompile>
    <ClCompile Include="ScratchImage.cpp">
      <Filter>Source Files\Imaging</Filter>
    </ClCompile>
  </ItemGroup>
  <ItemGroup>
    <ResourceCompile Include="app.rc">
      <Filter>Resource Files</Filter>
    </ResourceCompile>
  </ItemGroup>
  <ItemGroup>
    <Image Include="app.ico">
      <Filter>Resource Files</Filter>
    </Image>
  </ItemGroup>
</Project>